Microsoft Visual Studio Solution File, Format Version 11.00
# Visual Studio 2008

Project("{1A4430C8-A3A5-665A-E05A-23600AEF8AA8}") = "3dgameAssignment3", "Assembly-CSharp.csproj", "{66CD9E94-F007-BE47-13A0-3FFB6E2D5291}"
EndProject
Project("{1A4430C8-A3A5-665A-E05A-23600AEF8AA8}") = "3dgameAssignment3", "Assembly-CSharp-Editor.csproj", "{8D10EC1F-3E12-D109-B02B-A8E0BCFE885C}"
EndProject
Global
	GlobalSection(SolutionConfigurationPlatforms) = preSolution
		Debug|Any CPU = Debug|Any CPU
		Release|Any CPU = Release|Any CPU
	EndGlobalSection
	GlobalSection(ProjectConfigurationPlatforms) = postSolution
		{66CD9E94-F007-BE47-13A0-3FFB6E2D5291}.Debug|Any CPU.ActiveCfg = Debug|Any CPU
		{66CD9E94-F007-BE47-13A0-3FFB6E2D5291}.Debug|Any CPU.Build.0 = Debug|Any CPU
		{66CD9E94-F007-BE47-13A0-3FFB6E2D5291}.Release|Any CPU.ActiveCfg = Release|Any CPU
		{66CD9E94-F007-BE47-13A0-3FFB6E2D5291}.Release|Any CPU.Build.0 = Release|Any CPU
		{8D10EC1F-3E12-D109-B02B-A8E0BCFE885C}.Debug|Any CPU.ActiveCfg = Debug|Any CPU
		{8D10EC1F-3E12-D109-B02B-A8E0BCFE885C}.Debug|Any CPU.Build.0 = Debug|Any CPU
		{8D10EC1F-3E12-D109-B02B-A8E0BCFE885C}.Release|Any CPU.ActiveCfg = Release|Any CPU
		{8D10EC1F-3E12-D109-B02B-A8E0BCFE885C}.Release|Any CPU.Build.0 = Release|Any CPU
	EndGlobalSection
	GlobalSection(SolutionProperties) = preSolution
		HideSolutionNode = FALSE
	EndGlobalSection
	GlobalSection(MonoDevelopProperties) = preSolution
		StartupItem = Assembly-CSharp.csproj
	EndGlobalSection
EndGlobal
